
Microsoft Visual Studio Solution File, Format Version 12.00
# Visual Studio 15
VisualStudioVersion = 15.0.27703.2042
MinimumVisualStudioVersion = 10.0.40219.1
Project("{FAE04EC0-301F-11D3-BF4B-00C04F79EFBC}") = "BISolver", "BISolver\BISolver.csproj", "{EF17DC63-7F25-4B7A-B134-96304193C805}"
EndProject
Global
	GlobalSection(SolutionConfigurationPlatforms) = preSolution
		Debug|Any CPU = Debug|Any CPU
		Release|Any CPU = Release|Any CPU
	EndGlobalSection
	GlobalSection(ProjectConfigurationPlatforms) = postSolution
		{EF17DC63-7F25-4B7A-B134-96304193C805}.Debug|Any CPU.ActiveCfg = Debug|Any CPU
		{EF17DC63-7F25-4B7A-B134-96304193C805}.Debug|Any CPU.Build.0 = Debug|Any CPU
		{EF17DC63-7F25-4B7A-B134-96304193C805}.Release|Any CPU.ActiveCfg = Release|Any CPU
		{EF17DC63-7F25-4B7A-B134-96304193C805}.Release|Any CPU.Build.0 = Release|Any CPU
	EndGlobalSection
	GlobalSection(SolutionProperties) = preSolution
		HideSolutionNode = FALSE
	EndGlobalSection
	GlobalSection(ExtensibilityGlobals) = postSolution
		SolutionGuid = {581B5BDF-7D3B-43DA-8A82-0A6D435E0759}
	EndGlobalSection
EndGlobal
